
Microsoft Visual Studio Solution File, Format Version 12.00
# Visual Studio Version 16
VisualStudioVersion = 16.0.30517.126
MinimumVisualStudioVersion = 10.0.40219.1
Project("{FAE04EC0-301F-11D3-BF4B-00C04F79EFBC}") = "ServerConfigMtk-P2-084", "ServerConfigMtk-P2-084.csproj", "{6B0D7D56-03E5-4FE5-8F70-7095C42AD508}"
EndProject
Global
	GlobalSection(SolutionConfigurationPlatforms) = preSolution
		Debug|Any CPU = Debug|Any CPU
		Release|Any CPU = Release|Any CPU
	EndGlobalSection
	GlobalSection(ProjectConfigurationPlatforms) = postSolution
		{6B0D7D56-03E5-4FE5-8F70-7095C42AD508}.Debug|Any CPU.ActiveCfg = Debug|Any CPU
		{6B0D7D56-03E5-4FE5-8F70-7095C42AD508}.Debug|Any CPU.Build.0 = Debug|Any CPU
		{6B0D7D56-03E5-4FE5-8F70-7095C42AD508}.Release|Any CPU.ActiveCfg = Release|Any CPU
		{6B0D7D56-03E5-4FE5-8F70-7095C42AD508}.Release|Any CPU.Build.0 = Release|Any CPU
	EndGlobalSection
	GlobalSection(SolutionProperties) = preSolution
		HideSolutionNode = FALSE
	EndGlobalSection
	GlobalSection(ExtensibilityGlobals) = postSolution
		SolutionGuid = {30A82CE3-B07B-4D17-8A46-C637A1B13055}
	EndGlobalSection
EndGlobal
